
Microsoft Visual Studio Solution File, Format Version 12.00
# Visual Studio Version 16
VisualStudioVersion = 16.0.30413.136
MinimumVisualStudioVersion = 10.0.40219.1
Project("{FAE04EC0-301F-11D3-BF4B-00C04F79EFBC}") = "ConsoleApp1", "ConsoleApp1\ConsoleApp1.csproj", "{C567C21E-903E-4399-BE98-0EF43EBC0B92}"
EndProject
Global
	GlobalSection(SolutionConfigurationPlatforms) = preSolution
		Debug|Any CPU = Debug|Any CPU
		Release|Any CPU = Release|Any CPU
	EndGlobalSection
	GlobalSection(ProjectConfigurationPlatforms) = postSolution
		{C567C21E-903E-4399-BE98-0EF43EBC0B92}.Debug|Any CPU.ActiveCfg = Debug|Any CPU
		{C567C21E-903E-4399-BE98-0EF43EBC0B92}.Debug|Any CPU.Build.0 = Debug|Any CPU
		{C567C21E-903E-4399-BE98-0EF43EBC0B92}.Release|Any CPU.ActiveCfg = Release|Any CPU
		{C567C21E-903E-4399-BE98-0EF43EBC0B92}.Release|Any CPU.Build.0 = Release|Any CPU
	EndGlobalSection
	GlobalSection(SolutionProperties) = preSolution
		HideSolutionNode = FALSE
	EndGlobalSection
	GlobalSection(ExtensibilityGlobals) = postSolution
		SolutionGuid = {7E23BE6A-44E4-4E8C-8A95-A7C921C78729}
	EndGlobalSection
EndGlobal
